
Microsoft Visual Studio Solution File, Format Version 12.00
# Visual Studio Version 16
VisualStudioVersion = 16.0.32106.194
MinimumVisualStudioVersion = 10.0.40219.1
Project("{FAE04EC0-301F-11D3-BF4B-00C04F79EFBC}") = "OOP", "OOP.csproj", "{DA45163C-9ED6-42E9-8EBB-B788C1AD83DD}"
EndProject
Global
	GlobalSection(SolutionConfigurationPlatforms) = preSolution
		Debug|Any CPU = Debug|Any CPU
		Release|Any CPU = Release|Any CPU
	EndGlobalSection
	GlobalSection(ProjectConfigurationPlatforms) = postSolution
		{DA45163C-9ED6-42E9-8EBB-B788C1AD83DD}.Debug|Any CPU.ActiveCfg = Debug|Any CPU
		{DA45163C-9ED6-42E9-8EBB-B788C1AD83DD}.Debug|Any CPU.Build.0 = Debug|Any CPU
		{DA45163C-9ED6-42E9-8EBB-B788C1AD83DD}.Release|Any CPU.ActiveCfg = Release|Any CPU
		{DA45163C-9ED6-42E9-8EBB-B788C1AD83DD}.Release|Any CPU.Build.0 = Release|Any CPU
	EndGlobalSection
	GlobalSection(SolutionProperties) = preSolution
		HideSolutionNode = FALSE
	EndGlobalSection
	GlobalSection(ExtensibilityGlobals) = postSolution
		SolutionGuid = {AEF4CF9E-3748-48E0-9A3B-2D0C44B460E7}
	EndGlobalSection
EndGlobal
